PODS:
  - OpenCV (3.0.0)
  - React/Core (0.26.0)
  - React/RCTImage (0.26.0):
    - React/Core
    - React/RCTNetwork
  - React/RCTNetwork (0.26.0):
    - React/Core
  - React/RCTText (0.26.0):
    - React/Core
  - React/RCTWebSocket (0.26.0):
    - React/Core

DEPENDENCIES:
  - OpenCV
  - React/Core (from `../../../node_modules/react-native`)
  - React/RCTImage (from `../../../node_modules/react-native`)
  - React/RCTNetwork (from `../../../node_modules/react-native`)
  - React/RCTText (from `../../../node_modules/react-native`)
  - React/RCTWebSocket (from `../../../node_modules/react-native`)

EXTERNAL SOURCES:
  React:
    :path: ../../../node_modules/react-native

SPEC CHECKSUMS:
  OpenCV: be07c02f0d8f125f1d40d261e66a66cb66ece3b3
  React: 77cf2f128076f6e41b33dd7217a725874cd5e931

PODFILE CHECKSUM: c05d1471975c857d04c27c3ebfea41583a6ebeba

COCOAPODS: 1.0.0
