// !$*UTF8*$!
{
	archiveVersion = 1;
	classes = {
	};
	objectVersion = 46;
	objects = {

/* Begin PBXBuildFile section */
		415B6D9E1CFF7BD400872A15 /* RNOpenCV.framework in Frameworks */ = {isa = PBXBuildFile; fileRef = 4126921E1CFC6B3300F0ADBC /* RNOpenCV.framework */; };
		415B6DA11CFF7DA800872A15 /* libRNOpenCVBridge.a in Frameworks */ = {isa = PBXBuildFile; fileRef = 41EE71C81CFF7783002B2D12 /* libRNOpenCVBridge.a */; };
		41EE71CA1CFF77A3002B2D12 /* libPods-RNOpenCV-test.a in Frameworks */ = {isa = PBXBuildFile; fileRef = 41921AAE1CFBA104001BC2E7 /* libPods-RNOpenCV-test.a */; };
		41FAE4E21CFA58030082C1DF /* main.m in Sources */ = {isa = PBXBuildFile; fileRef = 41FAE4E11CFA58030082C1DF /* main.m */; };
		41FAE4E51CFA58030082C1DF /* AppDelegate.m in Sources */ = {isa = PBXBuildFile; fileRef = 41FAE4E41CFA58030082C1DF /* AppDelegate.m */; };
		41FAE4E81CFA58030082C1DF /* ViewController.m in Sources */ = {isa = PBXBuildFile; fileRef = 41FAE4E71CFA58030082C1DF /* ViewController.m */; };
		41FAE4EB1CFA58030082C1DF /* Main.storyboard in Resources */ = {isa = PBXBuildFile; fileRef = 41FAE4E91CFA58030082C1DF /* Main.storyboard */; };
		41FAE4ED1CFA58030082C1DF /* Assets.xcassets in Resources */ = {isa = PBXBuildFile; fileRef = 41FAE4EC1CFA58030082C1DF /* Assets.xcassets */; };
		41FAE4F01CFA58030082C1DF /* LaunchScreen.storyboard in Resources */ = {isa = PBXBuildFile; fileRef = 41FAE4EE1CFA58030082C1DF /* LaunchScreen.storyboard */; };
/* End PBXBuildFile section */

/* Begin PBXContainerItemProxy section */
		4126921D1CFC6B3300F0ADBC /* PBXContainerItemProxy */ = {
			isa = PBXContainerItemProxy;
			containerPortal = 412692171CFC6B3300F0ADBC /* RNOpenCV.xcodeproj */;
			proxyType = 2;
			remoteGlobalIDString = 412691F91CFC67D600F0ADBC;
			remoteInfo = RNOpenCV;
		};
		41EE71C71CFF7783002B2D12 /* PBXContainerItemProxy */ = {
			isa = PBXContainerItemProxy;
			containerPortal = 412692171CFC6B3300F0ADBC /* RNOpenCV.xcodeproj */;
			proxyType = 2;
			remoteGlobalIDString = 412692081CFC69A300F0ADBC;
			remoteInfo = RNOpenCVBridge;
		};
/* End PBXContainerItemProxy section */

/* Begin PBXFileReference section */
		412692171CFC6B3300F0ADBC /* RNOpenCV.xcodeproj */ = {isa = PBXFileReference; lastKnownFileType = "wrapper.pb-project"; name = RNOpenCV.xcodeproj; path = ../../src/ios/RNOpenCV.xcodeproj; sourceTree = "<group>"; };
		41921AAE1CFBA104001BC2E7 /* libPods-RNOpenCV-test.a */ = {isa = PBXFileReference; lastKnownFileType = archive.ar; name = "libPods-RNOpenCV-test.a"; path = "../../../../Library/Developer/Xcode/DerivedData/RNOpenCV-test-dwcxuzhijbtimgbzlnireesgriga/Build/Products/Debug-iphonesimulator/libPods-RNOpenCV-test.a"; sourceTree = "<group>"; };
		41921AB01CFBA4BC001BC2E7 /* opencv2.framework */ = {isa = PBXFileReference; lastKnownFileType = wrapper.framework; name = opencv2.framework; path = ../../../../Downloads/opencv2.framework; sourceTree = "<group>"; };
		41921AB41CFBA4DE001BC2E7 /* AssetsLibrary.framework */ = {isa = PBXFileReference; lastKnownFileType = wrapper.framework; name = AssetsLibrary.framework; path = System/Library/Frameworks/AssetsLibrary.framework; sourceTree = SDKROOT; };
		41EE71C21CFF7745002B2D12 /* Pods_RNOpenCV.framework */ = {isa = PBXFileReference; lastKnownFileType = wrapper.framework; name = Pods_RNOpenCV.framework; path = "../../../../Library/Developer/Xcode/DerivedData/RNOpenCV-test-dwcxuzhijbtimgbzlnireesgriga/Build/Products/Debug-iphonesimulator/Pods_RNOpenCV.framework"; sourceTree = "<group>"; };
		41FAE4DD1CFA58030082C1DF /* RNOpenCV-test.app */ = {isa = PBXFileReference; explicitFileType = wrapper.application; includeInIndex = 0; path = "RNOpenCV-test.app"; sourceTree = BUILT_PRODUCTS_DIR; };
		41FAE4E11CFA58030082C1DF /* main.m */ = {isa = PBXFileReference; lastKnownFileType = sourcecode.c.objc; path = main.m; sourceTree = "<group>"; };
		41FAE4E31CFA58030082C1DF /* AppDelegate.h */ = {isa = PBXFileReference; lastKnownFileType = sourcecode.c.h; path = AppDelegate.h; sourceTree = "<group>"; };
		41FAE4E41CFA58030082C1DF /* AppDelegate.m */ = {isa = PBXFileReference; lastKnownFileType = sourcecode.c.objc; path = AppDelegate.m; sourceTree = "<group>"; };
		41FAE4E61CFA58030082C1DF /* ViewController.h */ = {isa = PBXFileReference; lastKnownFileType = sourcecode.c.h; path = ViewController.h; sourceTree = "<group>"; };
		41FAE4E71CFA58030082C1DF /* ViewController.m */ = {isa = PBXFileReference; lastKnownFileType = sourcecode.c.objc; path = ViewController.m; sourceTree = "<group>"; };
		41FAE4EA1CFA58030082C1DF /* Base */ = {isa = PBXFileReference; lastKnownFileType = file.storyboard; name = Base; path = Base.lproj/Main.storyboard; sourceTree = "<group>"; };
		41FAE4EC1CFA58030082C1DF /* Assets.xcassets */ = {isa = PBXFileReference; lastKnownFileType = folder.assetcatalog; path = Assets.xcassets; sourceTree = "<group>"; };
		41FAE4EF1CFA58030082C1DF /* Base */ = {isa = PBXFileReference; lastKnownFileType = file.storyboard; name = Base; path = Base.lproj/LaunchScreen.storyboard; sourceTree = "<group>"; };
		41FAE4F11CFA58030082C1DF /* Info.plist */ = {isa = PBXFileReference; lastKnownFileType = text.plist.xml; path = Info.plist; sourceTree = "<group>"; };
		96A040B9FEFD95F2D753C3F7 /* Pods-RNOpenCV-test.debug.xcconfig */ = {isa = PBXFileReference; includeInIndex = 1; lastKnownFileType = text.xcconfig; name = "Pods-RNOpenCV-test.debug.xcconfig"; path = "Pods/Target Support Files/Pods-RNOpenCV-test/Pods-RNOpenCV-test.debug.xcconfig"; sourceTree = "<group>"; };
		B070B017C11A743FE568FD0A /* libPods-RNOpenCV-test.a */ = {isa = PBXFileReference; explicitFileType = archive.ar; includeInIndex = 0; path = "libPods-RNOpenCV-test.a"; sourceTree = BUILT_PRODUCTS_DIR; };
		B216B2868A83F3A09E278A35 /* Pods-RNOpenCV-test.release.xcconfig */ = {isa = PBXFileReference; includeInIndex = 1; lastKnownFileType = text.xcconfig; name = "Pods-RNOpenCV-test.release.xcconfig"; path = "Pods/Target Support Files/Pods-RNOpenCV-test/Pods-RNOpenCV-test.release.xcconfig"; sourceTree = "<group>"; };
/* End PBXFileReference section */

/* Begin PBXFrameworksBuildPhase section */
		41EE71C01CFF773C002B2D12 /* Frameworks */ = {
			isa = PBXFrameworksBuildPhase;
			buildActionMask = 2147483647;
			files = (
				415B6DA11CFF7DA800872A15 /* libRNOpenCVBridge.a in Frameworks */,
				415B6D9E1CFF7BD400872A15 /* RNOpenCV.framework in Frameworks */,
				41EE71CA1CFF77A3002B2D12 /* libPods-RNOpenCV-test.a in Frameworks */,
			);
			runOnlyForDeploymentPostprocessing = 0;
		};
/* End PBXFrameworksBuildPhase section */

/* Begin PBXGroup section */
		05C2A45A9F3845DBBDE39DFC /* Libraries */ = {
			isa = PBXGroup;
			children = (
				412692171CFC6B3300F0ADBC /* RNOpenCV.xcodeproj */,
			);
			name = Libraries;
			sourceTree = "<group>";
		};
		412692181CFC6B3300F0ADBC /* Products */ = {
			isa = PBXGroup;
			children = (
				41EE71C81CFF7783002B2D12 /* libRNOpenCVBridge.a */,
				4126921E1CFC6B3300F0ADBC /* RNOpenCV.framework */,
			);
			name = Products;
			sourceTree = "<group>";
		};
		41FAE4D41CFA58030082C1DF = {
			isa = PBXGroup;
			children = (
				41FAE4DF1CFA58030082C1DF /* RNOpenCV-test */,
				41FAE4DE1CFA58030082C1DF /* Products */,
				C5FE1412877D17EBD80DB337 /* Pods */,
				B48A45A3FD8328D3120F6BE2 /* Frameworks */,
				05C2A45A9F3845DBBDE39DFC /* Libraries */,
			);
			sourceTree = "<group>";
		};
		41FAE4DE1CFA58030082C1DF /* Products */ = {
			isa = PBXGroup;
			children = (
				41FAE4DD1CFA58030082C1DF /* RNOpenCV-test.app */,
			);
			name = Products;
			sourceTree = "<group>";
		};
		41FAE4DF1CFA58030082C1DF /* RNOpenCV-test */ = {
			isa = PBXGroup;
			children = (
				41FAE4E31CFA58030082C1DF /* AppDelegate.h */,
				41FAE4E41CFA58030082C1DF /* AppDelegate.m */,
				41FAE4E61CFA58030082C1DF /* ViewController.h */,
				41FAE4E71CFA58030082C1DF /* ViewController.m */,
				41FAE4E91CFA58030082C1DF /* Main.storyboard */,
				41FAE4EC1CFA58030082C1DF /* Assets.xcassets */,
				41FAE4EE1CFA58030082C1DF /* LaunchScreen.storyboard */,
				41FAE4F11CFA58030082C1DF /* Info.plist */,
				41FAE4E01CFA58030082C1DF /* Supporting Files */,
			);
			path = "RNOpenCV-test";
			sourceTree = "<group>";
		};
		41FAE4E01CFA58030082C1DF /* Supporting Files */ = {
			isa = PBXGroup;
			children = (
				41FAE4E11CFA58030082C1DF /* main.m */,
			);
			name = "Supporting Files";
			sourceTree = "<group>";
		};
		B48A45A3FD8328D3120F6BE2 /* Frameworks */ = {
			isa = PBXGroup;
			children = (
				41EE71C21CFF7745002B2D12 /* Pods_RNOpenCV.framework */,
				41921AB41CFBA4DE001BC2E7 /* AssetsLibrary.framework */,
				41921AB01CFBA4BC001BC2E7 /* opencv2.framework */,
				41921AAE1CFBA104001BC2E7 /* libPods-RNOpenCV-test.a */,
				B070B017C11A743FE568FD0A /* libPods-RNOpenCV-test.a */,
			);
			name = Frameworks;
			sourceTree = "<group>";
		};
		C5FE1412877D17EBD80DB337 /* Pods */ = {
			isa = PBXGroup;
			children = (
				96A040B9FEFD95F2D753C3F7 /* Pods-RNOpenCV-test.debug.xcconfig */,
				B216B2868A83F3A09E278A35 /* Pods-RNOpenCV-test.release.xcconfig */,
			);
			name = Pods;
			sourceTree = "<group>";
		};
/* End PBXGroup section */

/* Begin PBXHeadersBuildPhase section */
		417527741CFB4D8D002351AC /* Headers */ = {
			isa = PBXHeadersBuildPhase;
			buildActionMask = 2147483647;
			files = (
			);
			runOnlyForDeploymentPostprocessing = 0;
		};
/* End PBXHeadersBuildPhase section */

/* Begin PBXNativeTarget section */
		41FAE4DC1CFA58030082C1DF /* RNOpenCV-test */ = {
			isa = PBXNativeTarget;
			buildConfigurationList = 41FAE4F41CFA58030082C1DF /* Build configuration list for PBXNativeTarget "RNOpenCV-test" */;
			buildPhases = (
				0BBE706F8FBA1C1213FDE375 /* 📦 Check Pods Manifest.lock */,
				41FAE4D91CFA58030082C1DF /* Sources */,
				41FAE4DB1CFA58030082C1DF /* Resources */,
				6ACA6D3519D05427D4EFFA11 /* 📦 Embed Pods Frameworks */,
				805D43B833F3282AB84CC64C /* 📦 Copy Pods Resources */,
				417527741CFB4D8D002351AC /* Headers */,
				41EE71C01CFF773C002B2D12 /* Frameworks */,
			);
			buildRules = (
			);
			dependencies = (
			);
			name = "RNOpenCV-test";
			productName = "RNOpenCV-test";
			productReference = 41FAE4DD1CFA58030082C1DF /* RNOpenCV-test.app */;
			productType = "com.apple.product-type.application";
		};
/* End PBXNativeTarget section */

/* Begin PBXProject section */
		41FAE4D51CFA58030082C1DF /* Project object */ = {
			isa = PBXProject;
			attributes = {
				LastUpgradeCheck = 730;
				ORGANIZATIONNAME = dadevelopers;
				TargetAttributes = {
					41FAE4DC1CFA58030082C1DF = {
						CreatedOnToolsVersion = 7.3.1;
					};
				};
			};
			buildConfigurationList = 41FAE4D81CFA58030082C1DF /* Build configuration list for PBXProject "RNOpenCV-test" */;
			compatibilityVersion = "Xcode 3.2";
			developmentRegion = English;
			hasScannedForEncodings = 0;
			knownRegions = (
				en,
				Base,
			);
			mainGroup = 41FAE4D41CFA58030082C1DF;
			productRefGroup = 41FAE4DE1CFA58030082C1DF /* Products */;
			projectDirPath = "";
			projectReferences = (
				{
					ProductGroup = 412692181CFC6B3300F0ADBC /* Products */;
					ProjectRef = 412692171CFC6B3300F0ADBC /* RNOpenCV.xcodeproj */;
				},
			);
			projectRoot = "";
			targets = (
				41FAE4DC1CFA58030082C1DF /* RNOpenCV-test */,
			);
		};
/* End PBXProject section */

/* Begin PBXReferenceProxy section */
		4126921E1CFC6B3300F0ADBC /* RNOpenCV.framework */ = {
			isa = PBXReferenceProxy;
			fileType = wrapper.framework;
			path = RNOpenCV.framework;
			remoteRef = 4126921D1CFC6B3300F0ADBC /* PBXContainerItemProxy */;
			sourceTree = BUILT_PRODUCTS_DIR;
		};
		41EE71C81CFF7783002B2D12 /* libRNOpenCVBridge.a */ = {
			isa = PBXReferenceProxy;
			fileType = archive.ar;
			path = libRNOpenCVBridge.a;
			remoteRef = 41EE71C71CFF7783002B2D12 /* PBXContainerItemProxy */;
			sourceTree = BUILT_PRODUCTS_DIR;
		};
/* End PBXReferenceProxy section */

/* Begin PBXResourcesBuildPhase section */
		41FAE4DB1CFA58030082C1DF /* Resources */ = {
			isa = PBXResourcesBuildPhase;
			buildActionMask = 2147483647;
			files = (
				41FAE4F01CFA58030082C1DF /* LaunchScreen.storyboard in Resources */,
				41FAE4ED1CFA58030082C1DF /* Assets.xcassets in Resources */,
				41FAE4EB1CFA58030082C1DF /* Main.storyboard in Resources */,
			);
			runOnlyForDeploymentPostprocessing = 0;
		};
/* End PBXResourcesBuildPhase section */

/* Begin PBXShellScriptBuildPhase section */
		0BBE706F8FBA1C1213FDE375 /* 📦 Check Pods Manifest.lock */ = {
			isa = PBXShellScriptBuildPhase;
			buildActionMask = 2147483647;
			files = (
			);
			inputPaths = (
			);
			name = "📦 Check Pods Manifest.lock";
			outputPaths = (
			);
			runOnlyForDeploymentPostprocessing = 0;
			shellPath = /bin/sh;
			shellScript = "diff \"${PODS_ROOT}/../Podfile.lock\" \"${PODS_ROOT}/Manifest.lock\" > /dev/null\nif [[ $? != 0 ]] ; then\n    cat << EOM\nerror: The sandbox is not in sync with the Podfile.lock. Run 'pod install' or update your CocoaPods installation.\nEOM\n    exit 1\nfi\n";
			showEnvVarsInLog = 0;
		};
		6ACA6D3519D05427D4EFFA11 /* 📦 Embed Pods Frameworks */ = {
			isa = PBXShellScriptBuildPhase;
			buildActionMask = 2147483647;
			files = (
			);
			inputPaths = (
			);
			name = "📦 Embed Pods Frameworks";
			outputPaths = (
			);
			runOnlyForDeploymentPostprocessing = 0;
			shellPath = /bin/sh;
			shellScript = "\"${SRCROOT}/Pods/Target Support Files/Pods-RNOpenCV-test/Pods-RNOpenCV-test-frameworks.sh\"\n";
			showEnvVarsInLog = 0;
		};
		805D43B833F3282AB84CC64C /* 📦 Copy Pods Resources */ = {
			isa = PBXShellScriptBuildPhase;
			buildActionMask = 2147483647;
			files = (
			);
			inputPaths = (
			);
			name = "📦 Copy Pods Resources";
			outputPaths = (
			);
			runOnlyForDeploymentPostprocessing = 0;
			shellPath = /bin/sh;
			shellScript = "\"${SRCROOT}/Pods/Target Support Files/Pods-RNOpenCV-test/Pods-RNOpenCV-test-resources.sh\"\n";
			showEnvVarsInLog = 0;
		};
/* End PBXShellScriptBuildPhase section */

/* Begin PBXSourcesBuildPhase section */
		41FAE4D91CFA58030082C1DF /* Sources */ = {
			isa = PBXSourcesBuildPhase;
			buildActionMask = 2147483647;
			files = (
				41FAE4E81CFA58030082C1DF /* ViewController.m in Sources */,
				41FAE4E51CFA58030082C1DF /* AppDelegate.m in Sources */,
				41FAE4E21CFA58030082C1DF /* main.m in Sources */,
			);
			runOnlyForDeploymentPostprocessing = 0;
		};
/* End PBXSourcesBuildPhase section */

/* Begin PBXVariantGroup section */
		41FAE4E91CFA58030082C1DF /* Main.storyboard */ = {
			isa = PBXVariantGroup;
			children = (
				41FAE4EA1CFA58030082C1DF /* Base */,
			);
			name = Main.storyboard;
			sourceTree = "<group>";
		};
		41FAE4EE1CFA58030082C1DF /* LaunchScreen.storyboard */ = {
			isa = PBXVariantGroup;
			children = (
				41FAE4EF1CFA58030082C1DF /* Base */,
			);
			name = LaunchScreen.storyboard;
			sourceTree = "<group>";
		};
/* End PBXVariantGroup section */

/* Begin XCBuildConfiguration section */
		41FAE4F21CFA58030082C1DF /* Debug */ = {
			isa = XCBuildConfiguration;
			buildSettings = {
				ALWAYS_SEARCH_USER_PATHS = NO;
				CLANG_ANALYZER_NONNULL = YES;
				CLANG_CXX_LANGUAGE_STANDARD = "gnu++0x";
				CLANG_CXX_LIBRARY = "libc++";
				CLANG_ENABLE_MODULES = YES;
				CLANG_ENABLE_OBJC_ARC = YES;
				CLANG_WARN_BOOL_CONVERSION = YES;
				CLANG_WARN_CONSTANT_CONVERSION = YES;
				CLANG_WARN_DIRECT_OBJC_ISA_USAGE = YES_ERROR;
				CLANG_WARN_EMPTY_BODY = YES;
				CLANG_WARN_ENUM_CONVERSION = YES;
				CLANG_WARN_INT_CONVERSION = YES;
				CLANG_WARN_OBJC_ROOT_CLASS = YES_ERROR;
				CLANG_WARN_UNREACHABLE_CODE = YES;
				CLANG_WARN__DUPLICATE_METHOD_MATCH = YES;
				"CODE_SIGN_IDENTITY[sdk=iphoneos*]" = "iPhone Developer";
				COPY_PHASE_STRIP = NO;
				DEBUG_INFORMATION_FORMAT = dwarf;
				ENABLE_STRICT_OBJC_MSGSEND = YES;
				ENABLE_TESTABILITY = YES;
				GCC_C_LANGUAGE_STANDARD = gnu99;
				GCC_DYNAMIC_NO_PIC = NO;
				GCC_NO_COMMON_BLOCKS = YES;
				GCC_OPTIMIZATION_LEVEL = 0;
				GCC_PREPROCESSOR_DEFINITIONS = (
					"DEBUG=1",
					"$(inherited)",
				);
				GCC_WARN_64_TO_32_BIT_CONVERSION = YES;
				GCC_WARN_ABOUT_RETURN_TYPE = YES_ERROR;
				GCC_WARN_UNDECLARED_SELECTOR = YES;
				GCC_WARN_UNINITIALIZED_AUTOS = YES_AGGRESSIVE;
				GCC_WARN_UNUSED_FUNCTION = YES;
				GCC_WARN_UNUSED_VARIABLE = YES;
				IPHONEOS_DEPLOYMENT_TARGET = 8.0;
				MTL_ENABLE_DEBUG_INFO = YES;
				ONLY_ACTIVE_ARCH = YES;
				SDKROOT = iphoneos;
			};
			name = Debug;
		};
		41FAE4F31CFA58030082C1DF /* Release */ = {
			isa = XCBuildConfiguration;
			buildSettings = {
				ALWAYS_SEARCH_USER_PATHS = NO;
				CLANG_ANALYZER_NONNULL = YES;
				CLANG_CXX_LANGUAGE_STANDARD = "gnu++0x";
				CLANG_CXX_LIBRARY = "libc++";
				CLANG_ENABLE_MODULES = YES;
				CLANG_ENABLE_OBJC_ARC = YES;
				CLANG_WARN_BOOL_CONVERSION = YES;
				CLANG_WARN_CONSTANT_CONVERSION = YES;
				CLANG_WARN_DIRECT_OBJC_ISA_USAGE = YES_ERROR;
				CLANG_WARN_EMPTY_BODY = YES;
				CLANG_WARN_ENUM_CONVERSION = YES;
				CLANG_WARN_INT_CONVERSION = YES;
				CLANG_WARN_OBJC_ROOT_CLASS = YES_ERROR;
				CLANG_WARN_UNREACHABLE_CODE = YES;
				CLANG_WARN__DUPLICATE_METHOD_MATCH = YES;
				"CODE_SIGN_IDENTITY[sdk=iphoneos*]" = "iPhone Developer";
				COPY_PHASE_STRIP = NO;
				DEBUG_INFORMATION_FORMAT = "dwarf-with-dsym";
				ENABLE_NS_ASSERTIONS = NO;
				ENABLE_STRICT_OBJC_MSGSEND = YES;
				GCC_C_LANGUAGE_STANDARD = gnu99;
				GCC_NO_COMMON_BLOCKS = YES;
				GCC_WARN_64_TO_32_BIT_CONVERSION = YES;
				GCC_WARN_ABOUT_RETURN_TYPE = YES_ERROR;
				GCC_WARN_UNDECLARED_SELECTOR = YES;
				GCC_WARN_UNINITIALIZED_AUTOS = YES_AGGRESSIVE;
				GCC_WARN_UNUSED_FUNCTION = YES;
				GCC_WARN_UNUSED_VARIABLE = YES;
				IPHONEOS_DEPLOYMENT_TARGET = 8.0;
				MTL_ENABLE_DEBUG_INFO = NO;
				SDKROOT = iphoneos;
				VALIDATE_PRODUCT = YES;
			};
			name = Release;
		};
		41FAE4F51CFA58030082C1DF /* Debug */ = {
			isa = XCBuildConfiguration;
			baseConfigurationReference = 96A040B9FEFD95F2D753C3F7 /* Pods-RNOpenCV-test.debug.xcconfig */;
			buildSettings = {
				ASSETCATALOG_COMPILER_APPICON_NAME = AppIcon;
				CLANG_CXX_LIBRARY = "libc++";
				FRAMEWORK_SEARCH_PATHS = (
					"$(inherited)",
					"$(PROJECT_DIR)",
				);
				HEADER_SEARCH_PATHS = "";
				INFOPLIST_FILE = "RNOpenCV-test/Info.plist";
				IPHONEOS_DEPLOYMENT_TARGET = 8.0;
				LD_RUNPATH_SEARCH_PATHS = "$(inherited) @executable_path/Frameworks";
				LIBRARY_SEARCH_PATHS = (
					"$(inherited)",
					"\"$(SRCROOT)/$(TARGET_NAME)\"",
				);
				OTHER_LDFLAGS = (
					"$(inherited)",
					"-ObjC",
					"-l\"React\"",
					"-framework",
					"\"JavaScriptCore\"",
					"-lc++",
				);
				PRODUCT_BUNDLE_IDENTIFIER = "com.dadevelopers.RNOpenCV-test";
				PRODUCT_NAME = "$(TARGET_NAME)";
			};
			name = Debug;
		};
		41FAE4F61CFA58030082C1DF /* Release */ = {
			isa = XCBuildConfiguration;
			baseConfigurationReference = B216B2868A83F3A09E278A35 /* Pods-RNOpenCV-test.release.xcconfig */;
			buildSettings = {
				ASSETCATALOG_COMPILER_APPICON_NAME = AppIcon;
				CLANG_CXX_LIBRARY = "libc++";
				FRAMEWORK_SEARCH_PATHS = (
					"$(inherited)",
					"$(PROJECT_DIR)",
				);
				HEADER_SEARCH_PATHS = "";
				INFOPLIST_FILE = "RNOpenCV-test/Info.plist";
				IPHONEOS_DEPLOYMENT_TARGET = 8.0;
				LD_RUNPATH_SEARCH_PATHS = "$(inherited) @executable_path/Frameworks";
				LIBRARY_SEARCH_PATHS = (
					"$(inherited)",
					"\"$(SRCROOT)/$(TARGET_NAME)\"",
				);
				OTHER_LDFLAGS = (
					"$(inherited)",
					"-ObjC",
					"-l\"React\"",
					"-framework",
					"\"JavaScriptCore\"",
					"-lc++",
				);
				PRODUCT_BUNDLE_IDENTIFIER = "com.dadevelopers.RNOpenCV-test";
				PRODUCT_NAME = "$(TARGET_NAME)";
			};
			name = Release;
		};
/* End XCBuildConfiguration section */

/* Begin XCConfigurationList section */
		41FAE4D81CFA58030082C1DF /* Build configuration list for PBXProject "RNOpenCV-test" */ = {
			isa = XCConfigurationList;
			buildConfigurations = (
				41FAE4F21CFA58030082C1DF /* Debug */,
				41FAE4F31CFA58030082C1DF /* Release */,
			);
			defaultConfigurationIsVisible = 0;
			defaultConfigurationName = Release;
		};
		41FAE4F41CFA58030082C1DF /* Build configuration list for PBXNativeTarget "RNOpenCV-test" */ = {
			isa = XCConfigurationList;
			buildConfigurations = (
				41FAE4F51CFA58030082C1DF /* Debug */,
				41FAE4F61CFA58030082C1DF /* Release */,
			);
			defaultConfigurationIsVisible = 0;
			defaultConfigurationName = Release;
		};
/* End XCConfigurationList section */
	};
	rootObject = 41FAE4D51CFA58030082C1DF /* Project object */;
}
